Microsoft Visual Studio Solution File, Format Version 11.00
# Visual Studio 2008

Project("{B23F6652-10A1-914C-AB61-BC8EBA4C9AE0}") = "Ranger", "Assembly-CSharp.csproj", "{BC72DF3E-EAC6-D6FE-4487-15A1A98414DB}"
EndProject
Project("{B23F6652-10A1-914C-AB61-BC8EBA4C9AE0}") = "Ranger", "Assembly-CSharp-Editor.csproj", "{60CB7B24-50CC-6AE7-2A6A-7A428B1BB076}"
EndProject
Project("{B23F6652-10A1-914C-AB61-BC8EBA4C9AE0}") = "Ranger", "Assembly-UnityScript.unityproj", "{51108EDC-6EBA-57C3-095F-DD03C68B43A1}"
EndProject
Global
	GlobalSection(SolutionConfigurationPlatforms) = preSolution
		Debug|Any CPU = Debug|Any CPU
		Release|Any CPU = Release|Any CPU
	EndGlobalSection
	GlobalSection(ProjectConfigurationPlatforms) = postSolution
		{BC72DF3E-EAC6-D6FE-4487-15A1A98414DB}.Debug|Any CPU.ActiveCfg = Debug|Any CPU
		{BC72DF3E-EAC6-D6FE-4487-15A1A98414DB}.Debug|Any CPU.Build.0 = Debug|Any CPU
		{BC72DF3E-EAC6-D6FE-4487-15A1A98414DB}.Release|Any CPU.ActiveCfg = Release|Any CPU
		{BC72DF3E-EAC6-D6FE-4487-15A1A98414DB}.Release|Any CPU.Build.0 = Release|Any CPU
		{60CB7B24-50CC-6AE7-2A6A-7A428B1BB076}.Debug|Any CPU.ActiveCfg = Debug|Any CPU
		{60CB7B24-50CC-6AE7-2A6A-7A428B1BB076}.Debug|Any CPU.Build.0 = Debug|Any CPU
		{60CB7B24-50CC-6AE7-2A6A-7A428B1BB076}.Release|Any CPU.ActiveCfg = Release|Any CPU
		{60CB7B24-50CC-6AE7-2A6A-7A428B1BB076}.Release|Any CPU.Build.0 = Release|Any CPU
		{51108EDC-6EBA-57C3-095F-DD03C68B43A1}.Debug|Any CPU.ActiveCfg = Debug|Any CPU
		{51108EDC-6EBA-57C3-095F-DD03C68B43A1}.Debug|Any CPU.Build.0 = Debug|Any CPU
		{51108EDC-6EBA-57C3-095F-DD03C68B43A1}.Release|Any CPU.ActiveCfg = Release|Any CPU
		{51108EDC-6EBA-57C3-095F-DD03C68B43A1}.Release|Any CPU.Build.0 = Release|Any CPU
	EndGlobalSection
	GlobalSection(SolutionProperties) = preSolution
		HideSolutionNode = FALSE
	EndGlobalSection
																																																																																																																																																																																																																																																																																																																																																																																																														GlobalSection(MonoDevelopProperties) = preSolution
		StartupItem = Assembly-CSharp.csproj
		Policies = $0
		$0.TextStylePolicy = $1
		$1.inheritsSet = null
		$1.scope = text/x-csharp
		$0.CSharpFormattingPolicy = $2
		$2.inheritsSet = Mono
		$2.inheritsScope = text/x-csharp
		$2.scope = text/x-csharp
		$0.TextStylePolicy = $3
		$3.FileWidth = 120
		$3.TabWidth = 4
		$3.IndentWidth = 4
		$3.EolMarker = Unix
		$3.inheritsSet = Mono
		$3.inheritsScope = text/plain
		$3.scope = text/plain
	EndGlobalSection

EndGlobal
